{
  "object": {
    "pins": [
      {
        "package": "AnyCodable",
        "repositoryURL": "https://github.com/flight-school/AnyCodable.git",
        "state": {
          "branch": null,
          "revision": "b1a7a8a6186f2fcb28f7bda67cfc545de48b3c80",
          "version": "0.6.2"
        }
      },
      {
        "package": "GeoJSON",
        "repositoryURL": "https://github.com/kiliankoe/GeoJSON.git",
        "state": {
          "branch": null,
          "revision": "c984459c86b8f5ce583da65278ae901f250804f6",
          "version": "0.6.1"
        }
      }
    ]
  },
  "version": 1
}
