// !$*UTF8*$!
{
	archiveVersion = 1;
	classes = {
	};
	objectVersion = 55;
	objects = {

/* Begin PBXBuildFile section */
		A207B4DF275DD0C600BE3E58 /* MapContentView.swift in Sources */ = {isa = PBXBuildFile; fileRef = A207B4DE275DD0C600BE3E58 /* MapContentView.swift */; };
		A207B4E1275DD0F800BE3E58 /* MapContentViewModel.swift in Sources */ = {isa = PBXBuildFile; fileRef = A207B4E0275DD0F800BE3E58 /* MapContentViewModel.swift */; };
		A20F478E275B466A00ED7D81 /* MapKit.framework in Frameworks */ = {isa = PBXBuildFile; fileRef = A20F478D275B466A00ED7D81 /* MapKit.framework */; platformFilter = maccatalyst; };
		A21932F32773A39E003B5ABA /* Combine.framework in Frameworks */ = {isa = PBXBuildFile; fileRef = A21932F22773A39E003B5ABA /* Combine.framework */; platformFilter = maccatalyst; };
		A21EB14927CB532F003E2ED8 /* Contacts.framework in Frameworks */ = {isa = PBXBuildFile; fileRef = A21EB14827CB532F003E2ED8 /* Contacts.framework */; platformFilter = maccatalyst; };
		A21EB14A27CB5337003E2ED8 /* Intents.framework in Frameworks */ = {isa = PBXBuildFile; fileRef = A21EEF502793C21B001DEF35 /* Intents.framework */; platformFilter = maccatalyst; };
		A230673E27A10D3B009D5732 /* GeoJSON in Frameworks */ = {isa = PBXBuildFile; productRef = A230673D27A10D3B009D5732 /* GeoJSON */; };
		A2380F95279916F500ED2282 /* MapboxMapsView.swift in Sources */ = {isa = PBXBuildFile; fileRef = A2380F94279916F500ED2282 /* MapboxMapsView.swift */; };
		A2380F972799177700ED2282 /* WebKit.framework in Frameworks */ = {isa = PBXBuildFile; fileRef = A2380F962799177700ED2282 /* WebKit.framework */; platformFilter = maccatalyst; };
		A2380F9927991A9D00ED2282 /* mapbox.html in Resources */ = {isa = PBXBuildFile; fileRef = A2380F9827991A9D00ED2282 /* mapbox.html */; };
		A247E5F327C0C01900C77DB4 /* GoogleMapsView+Delegates.swift in Sources */ = {isa = PBXBuildFile; fileRef = A247E5F227C0C01900C77DB4 /* GoogleMapsView+Delegates.swift */; };
		A2A965BB27646CBB00EF20E8 /* MKMapType+Extensions.swift in Sources */ = {isa = PBXBuildFile; fileRef = A2A965BA27646CBB00EF20E8 /* MKMapType+Extensions.swift */; };
		A2AC988E27AA4BF6007FA38E /* GoogleMapsView.swift in Sources */ = {isa = PBXBuildFile; fileRef = A2AC988D27AA4BF6007FA38E /* GoogleMapsView.swift */; };
		A2AC989027AA4D88007FA38E /* google-maps.html in Resources */ = {isa = PBXBuildFile; fileRef = A2AC988F27AA4D88007FA38E /* google-maps.html */; };
		A2B48D9527B235C0002EA5B0 /* GoogleMapsGeocodingResponse.swift in Sources */ = {isa = PBXBuildFile; fileRef = A2B48D9427B235C0002EA5B0 /* GoogleMapsGeocodingResponse.swift */; };
		A2C4DCD127952D1100975815 /* AppleMapsView+Delegates.swift in Sources */ = {isa = PBXBuildFile; fileRef = A2C4DCD027952D1100975815 /* AppleMapsView+Delegates.swift */; };
		A2C81E522765C1C9005EBB73 /* AppleMapsView.swift in Sources */ = {isa = PBXBuildFile; fileRef = A2C81E512765C1C9005EBB73 /* AppleMapsView.swift */; };
		A2E610D82757304B0061FB22 /* MacMapsApp.swift in Sources */ = {isa = PBXBuildFile; fileRef = A2E610D72757304B0061FB22 /* MacMapsApp.swift */; };
		A2E610DA2757304B0061FB22 /* ContentView.swift in Sources */ = {isa = PBXBuildFile; fileRef = A2E610D92757304B0061FB22 /* ContentView.swift */; };
		A2E610DC2757304D0061FB22 /* Assets.xcassets in Resources */ = {isa = PBXBuildFile; fileRef = A2E610DB2757304D0061FB22 /* Assets.xcassets */; };
		A2E610DF2757304D0061FB22 /* Preview Assets.xcassets in Resources */ = {isa = PBXBuildFile; fileRef = A2E610DE2757304D0061FB22 /* Preview Assets.xcassets */; };
		A2E6C011279E656700CB2808 /* MapboxMapsView+Delegates.swift in Sources */ = {isa = PBXBuildFile; fileRef = A2E6C010279E656700CB2808 /* MapboxMapsView+Delegates.swift */; };
		A2F957482772036E005FD53B /* LocationManager.swift in Sources */ = {isa = PBXBuildFile; fileRef = A2F957472772036E005FD53B /* LocationManager.swift */; };
		A2F9574A2772038C005FD53B /* CoreLocation.framework in Frameworks */ = {isa = PBXBuildFile; fileRef = A2F957492772038C005FD53B /* CoreLocation.framework */; platformFilter = maccatalyst; };
		A2F9574C27720507005FD53B /* LocationManger+Delegates.swift in Sources */ = {isa = PBXBuildFile; fileRef = A2F9574B27720507005FD53B /* LocationManger+Delegates.swift */; };
/* End PBXBuildFile section */

/* Begin PBXFileReference section */
		A20730D927CDDD9900B26D34 /* Debug.xcconfig */ = {isa = PBXFileReference; lastKnownFileType = text.xcconfig; path = Debug.xcconfig; sourceTree = "<group>"; };
		A20730DA27CDDE3100B26D34 /* Release.xcconfig */ = {isa = PBXFileReference; lastKnownFileType = text.xcconfig; path = Release.xcconfig; sourceTree = "<group>"; };
		A207B4DE275DD0C600BE3E58 /* MapContentView.swift */ = {isa = PBXFileReference; lastKnownFileType = sourcecode.swift; path = MapContentView.swift; sourceTree = "<group>"; };
		A207B4E0275DD0F800BE3E58 /* MapContentViewModel.swift */ = {isa = PBXFileReference; lastKnownFileType = sourcecode.swift; path = MapContentViewModel.swift; sourceTree = "<group>"; };
		A20F478D275B466A00ED7D81 /* MapKit.framework */ = {isa = PBXFileReference; lastKnownFileType = wrapper.framework; name = MapKit.framework; path = System/Library/Frameworks/MapKit.framework; sourceTree = SDKROOT; };
		A21932F22773A39E003B5ABA /* Combine.framework */ = {isa = PBXFileReference; lastKnownFileType = wrapper.framework; name = Combine.framework; path = System/Library/Frameworks/Combine.framework; sourceTree = SDKROOT; };
		A21EB14827CB532F003E2ED8 /* Contacts.framework */ = {isa = PBXFileReference; lastKnownFileType = wrapper.framework; name = Contacts.framework; path = System/Library/Frameworks/Contacts.framework; sourceTree = SDKROOT; };
		A21EEF502793C21B001DEF35 /* Intents.framework */ = {isa = PBXFileReference; lastKnownFileType = wrapper.framework; name = Intents.framework; path = System/Library/Frameworks/Intents.framework; sourceTree = SDKROOT; };
		A2380F94279916F500ED2282 /* MapboxMapsView.swift */ = {isa = PBXFileReference; lastKnownFileType = sourcecode.swift; path = MapboxMapsView.swift; sourceTree = "<group>"; };
		A2380F962799177700ED2282 /* WebKit.framework */ = {isa = PBXFileReference; lastKnownFileType = wrapper.framework; name = WebKit.framework; path = System/Library/Frameworks/WebKit.framework; sourceTree = SDKROOT; };
		A2380F9827991A9D00ED2282 /* mapbox.html */ = {isa = PBXFileReference; lastKnownFileType = text.html; path = mapbox.html; sourceTree = "<group>"; };
		A247E5F227C0C01900C77DB4 /* GoogleMapsView+Delegates.swift */ = {isa = PBXFileReference; lastKnownFileType = sourcecode.swift; path = "GoogleMapsView+Delegates.swift"; sourceTree = "<group>"; };
		A2A965BA27646CBB00EF20E8 /* MKMapType+Extensions.swift */ = {isa = PBXFileReference; lastKnownFileType = sourcecode.swift; path = "MKMapType+Extensions.swift"; sourceTree = "<group>"; };
		A2AC988D27AA4BF6007FA38E /* GoogleMapsView.swift */ = {isa = PBXFileReference; lastKnownFileType = sourcecode.swift; path = GoogleMapsView.swift; sourceTree = "<group>"; };
		A2AC988F27AA4D88007FA38E /* google-maps.html */ = {isa = PBXFileReference; lastKnownFileType = text.html; path = "google-maps.html"; sourceTree = "<group>"; };
		A2B48D9427B235C0002EA5B0 /* GoogleMapsGeocodingResponse.swift */ = {isa = PBXFileReference; lastKnownFileType = sourcecode.swift; path = GoogleMapsGeocodingResponse.swift; sourceTree = "<group>"; };
		A2C4DCD027952D1100975815 /* AppleMapsView+Delegates.swift */ = {isa = PBXFileReference; lastKnownFileType = sourcecode.swift; path = "AppleMapsView+Delegates.swift"; sourceTree = "<group>"; };
		A2C81E512765C1C9005EBB73 /* AppleMapsView.swift */ = {isa = PBXFileReference; lastKnownFileType = sourcecode.swift; path = AppleMapsView.swift; sourceTree = "<group>"; };
		A2E610D42757304B0061FB22 /* MacMaps.app */ = {isa = PBXFileReference; explicitFileType = wrapper.application; includeInIndex = 0; path = MacMaps.app; sourceTree = BUILT_PRODUCTS_DIR; };
		A2E610D72757304B0061FB22 /* MacMapsApp.swift */ = {isa = PBXFileReference; lastKnownFileType = sourcecode.swift; path = MacMapsApp.swift; sourceTree = "<group>"; };
		A2E610D92757304B0061FB22 /* ContentView.swift */ = {isa = PBXFileReference; lastKnownFileType = sourcecode.swift; path = ContentView.swift; sourceTree = "<group>"; };
		A2E610DB2757304D0061FB22 /* Assets.xcassets */ = {isa = PBXFileReference; lastKnownFileType = folder.assetcatalog; path = Assets.xcassets; sourceTree = "<group>"; };
		A2E610DE2757304D0061FB22 /* Preview Assets.xcassets */ = {isa = PBXFileReference; lastKnownFileType = folder.assetcatalog; path = "Preview Assets.xcassets"; sourceTree = "<group>"; };
		A2E610E02757304D0061FB22 /* MacMaps.entitlements */ = {isa = PBXFileReference; lastKnownFileType = text.plist.entitlements; path = MacMaps.entitlements; sourceTree = "<group>"; };
		A2E6C010279E656700CB2808 /* MapboxMapsView+Delegates.swift */ = {isa = PBXFileReference; lastKnownFileType = sourcecode.swift; path = "MapboxMapsView+Delegates.swift"; sourceTree = "<group>"; };
		A2F957472772036E005FD53B /* LocationManager.swift */ = {isa = PBXFileReference; lastKnownFileType = sourcecode.swift; path = LocationManager.swift; sourceTree = "<group>"; };
		A2F957492772038C005FD53B /* CoreLocation.framework */ = {isa = PBXFileReference; lastKnownFileType = wrapper.framework; name = CoreLocation.framework; path = System/Library/Frameworks/CoreLocation.framework; sourceTree = SDKROOT; };
		A2F9574B27720507005FD53B /* LocationManger+Delegates.swift */ = {isa = PBXFileReference; lastKnownFileType = sourcecode.swift; path = "LocationManger+Delegates.swift"; sourceTree = "<group>"; };
/* End PBXFileReference section */

/* Begin PBXFrameworksBuildPhase section */
		A2E610D12757304B0061FB22 /* Frameworks */ = {
			isa = PBXFrameworksBuildPhase;
			buildActionMask = 2147483647;
			files = (
				A2F9574A2772038C005FD53B /* CoreLocation.framework in Frameworks */,
				A21932F32773A39E003B5ABA /* Combine.framework in Frameworks */,
				A2380F972799177700ED2282 /* WebKit.framework in Frameworks */,
				A230673E27A10D3B009D5732 /* GeoJSON in Frameworks */,
				A20F478E275B466A00ED7D81 /* MapKit.framework in Frameworks */,
				A21EB14927CB532F003E2ED8 /* Contacts.framework in Frameworks */,
				A21EB14A27CB5337003E2ED8 /* Intents.framework in Frameworks */,
			);
			runOnlyForDeploymentPostprocessing = 0;
		};
/* End PBXFrameworksBuildPhase section */

/* Begin PBXGroup section */
		A20F478C275B466A00ED7D81 /* Frameworks */ = {
			isa = PBXGroup;
			children = (
				A21EB14827CB532F003E2ED8 /* Contacts.framework */,
				A2380F962799177700ED2282 /* WebKit.framework */,
				A21EEF502793C21B001DEF35 /* Intents.framework */,
				A21932F22773A39E003B5ABA /* Combine.framework */,
				A2F957492772038C005FD53B /* CoreLocation.framework */,
				A20F478D275B466A00ED7D81 /* MapKit.framework */,
			);
			name = Frameworks;
			sourceTree = "<group>";
		};
		A2380F93279916A200ED2282 /* MapVendors */ = {
			isa = PBXGroup;
			children = (
				A2C81E512765C1C9005EBB73 /* AppleMapsView.swift */,
				A2C4DCD027952D1100975815 /* AppleMapsView+Delegates.swift */,
				A2380F94279916F500ED2282 /* MapboxMapsView.swift */,
				A2E6C010279E656700CB2808 /* MapboxMapsView+Delegates.swift */,
				A2380F9827991A9D00ED2282 /* mapbox.html */,
				A2AC988D27AA4BF6007FA38E /* GoogleMapsView.swift */,
				A247E5F227C0C01900C77DB4 /* GoogleMapsView+Delegates.swift */,
				A2AC988F27AA4D88007FA38E /* google-maps.html */,
				A2B48D9427B235C0002EA5B0 /* GoogleMapsGeocodingResponse.swift */,
			);
			path = MapVendors;
			sourceTree = "<group>";
		};
		A2A965B927646C9C00EF20E8 /* Extensions */ = {
			isa = PBXGroup;
			children = (
				A2A965BA27646CBB00EF20E8 /* MKMapType+Extensions.swift */,
			);
			path = Extensions;
			sourceTree = "<group>";
		};
		A2E610CB2757304B0061FB22 = {
			isa = PBXGroup;
			children = (
				A2E610D62757304B0061FB22 /* MacMaps */,
				A2E610D52757304B0061FB22 /* Products */,
				A20F478C275B466A00ED7D81 /* Frameworks */,
			);
			sourceTree = "<group>";
		};
		A2E610D52757304B0061FB22 /* Products */ = {
			isa = PBXGroup;
			children = (
				A2E610D42757304B0061FB22 /* MacMaps.app */,
			);
			name = Products;
			sourceTree = "<group>";
		};
		A2E610D62757304B0061FB22 /* MacMaps */ = {
			isa = PBXGroup;
			children = (
				A2A965B927646C9C00EF20E8 /* Extensions */,
				A2380F93279916A200ED2282 /* MapVendors */,
				A2F957472772036E005FD53B /* LocationManager.swift */,
				A2F9574B27720507005FD53B /* LocationManger+Delegates.swift */,
				A2E610D72757304B0061FB22 /* MacMapsApp.swift */,
				A2E610D92757304B0061FB22 /* ContentView.swift */,
				A207B4DE275DD0C600BE3E58 /* MapContentView.swift */,
				A207B4E0275DD0F800BE3E58 /* MapContentViewModel.swift */,
				A2E610DB2757304D0061FB22 /* Assets.xcassets */,
				A2E610E02757304D0061FB22 /* MacMaps.entitlements */,
				A20730D927CDDD9900B26D34 /* Debug.xcconfig */,
				A20730DA27CDDE3100B26D34 /* Release.xcconfig */,
				A2E610DD2757304D0061FB22 /* Preview Content */,
			);
			path = MacMaps;
			sourceTree = "<group>";
		};
		A2E610DD2757304D0061FB22 /* Preview Content */ = {
			isa = PBXGroup;
			children = (
				A2E610DE2757304D0061FB22 /* Preview Assets.xcassets */,
			);
			path = "Preview Content";
			sourceTree = "<group>";
		};
/* End PBXGroup section */

/* Begin PBXNativeTarget section */
		A2E610D32757304B0061FB22 /* MacMaps */ = {
			isa = PBXNativeTarget;
			buildConfigurationList = A2E610E32757304D0061FB22 /* Build configuration list for PBXNativeTarget "MacMaps" */;
			buildPhases = (
				A2E610D02757304B0061FB22 /* Sources */,
				A2E610D12757304B0061FB22 /* Frameworks */,
				A2E610D22757304B0061FB22 /* Resources */,
			);
			buildRules = (
			);
			dependencies = (
			);
			name = MacMaps;
			packageProductDependencies = (
				A230673D27A10D3B009D5732 /* GeoJSON */,
			);
			productName = MacMaps;
			productReference = A2E610D42757304B0061FB22 /* MacMaps.app */;
			productType = "com.apple.product-type.application";
		};
/* End PBXNativeTarget section */

/* Begin PBXProject section */
		A2E610CC2757304B0061FB22 /* Project object */ = {
			isa = PBXProject;
			attributes = {
				BuildIndependentTargetsInParallel = 1;
				LastSwiftUpdateCheck = 1310;
				LastUpgradeCheck = 1320;
				TargetAttributes = {
					A2E610D32757304B0061FB22 = {
						CreatedOnToolsVersion = 13.1;
					};
				};
			};
			buildConfigurationList = A2E610CF2757304B0061FB22 /* Build configuration list for PBXProject "MacMaps" */;
			compatibilityVersion = "Xcode 13.0";
			developmentRegion = en;
			hasScannedForEncodings = 0;
			knownRegions = (
				en,
				Base,
			);
			mainGroup = A2E610CB2757304B0061FB22;
			packageReferences = (
				A230673C27A10D3B009D5732 /* XCRemoteSwiftPackageReference "GeoJSON" */,
			);
			productRefGroup = A2E610D52757304B0061FB22 /* Products */;
			projectDirPath = "";
			projectRoot = "";
			targets = (
				A2E610D32757304B0061FB22 /* MacMaps */,
			);
		};
/* End PBXProject section */

/* Begin PBXResourcesBuildPhase section */
		A2E610D22757304B0061FB22 /* Resources */ = {
			isa = PBXResourcesBuildPhase;
			buildActionMask = 2147483647;
			files = (
				A2E610DF2757304D0061FB22 /* Preview Assets.xcassets in Resources */,
				A2E610DC2757304D0061FB22 /* Assets.xcassets in Resources */,
				A2AC989027AA4D88007FA38E /* google-maps.html in Resources */,
				A2380F9927991A9D00ED2282 /* mapbox.html in Resources */,
			);
			runOnlyForDeploymentPostprocessing = 0;
		};
/* End PBXResourcesBuildPhase section */

/* Begin PBXSourcesBuildPhase section */
		A2E610D02757304B0061FB22 /* Sources */ = {
			isa = PBXSourcesBuildPhase;
			buildActionMask = 2147483647;
			files = (
				A2B48D9527B235C0002EA5B0 /* GoogleMapsGeocodingResponse.swift in Sources */,
				A247E5F327C0C01900C77DB4 /* GoogleMapsView+Delegates.swift in Sources */,
				A2AC988E27AA4BF6007FA38E /* GoogleMapsView.swift in Sources */,
				A2A965BB27646CBB00EF20E8 /* MKMapType+Extensions.swift in Sources */,
				A2E610DA2757304B0061FB22 /* ContentView.swift in Sources */,
				A207B4DF275DD0C600BE3E58 /* MapContentView.swift in Sources */,
				A2F957482772036E005FD53B /* LocationManager.swift in Sources */,
				A207B4E1275DD0F800BE3E58 /* MapContentViewModel.swift in Sources */,
				A2F9574C27720507005FD53B /* LocationManger+Delegates.swift in Sources */,
				A2E6C011279E656700CB2808 /* MapboxMapsView+Delegates.swift in Sources */,
				A2C81E522765C1C9005EBB73 /* AppleMapsView.swift in Sources */,
				A2C4DCD127952D1100975815 /* AppleMapsView+Delegates.swift in Sources */,
				A2380F95279916F500ED2282 /* MapboxMapsView.swift in Sources */,
				A2E610D82757304B0061FB22 /* MacMapsApp.swift in Sources */,
			);
			runOnlyForDeploymentPostprocessing = 0;
		};
/* End PBXSourcesBuildPhase section */

/* Begin XCBuildConfiguration section */
		A2E610E12757304D0061FB22 /* Debug */ = {
			isa = XCBuildConfiguration;
			baseConfigurationReference = A20730D927CDDD9900B26D34 /* Debug.xcconfig */;
			buildSettings = {
				ALWAYS_SEARCH_USER_PATHS = NO;
				CLANG_ANALYZER_NONNULL = YES;
				CLANG_ANALYZER_NUMBER_OBJECT_CONVERSION = YES_AGGRESSIVE;
				CLANG_CXX_LANGUAGE_STANDARD = "gnu++17";
				CLANG_CXX_LIBRARY = "libc++";
				CLANG_ENABLE_MODULES = YES;
				CLANG_ENABLE_OBJC_ARC = YES;
				CLANG_ENABLE_OBJC_WEAK = YES;
				CLANG_WARN_BLOCK_CAPTURE_AUTORELEASING = YES;
				CLANG_WARN_BOOL_CONVERSION = YES;
				CLANG_WARN_COMMA = YES;
				CLANG_WARN_CONSTANT_CONVERSION = YES;
				CLANG_WARN_DEPRECATED_OBJC_IMPLEMENTATIONS = YES;
				CLANG_WARN_DIRECT_OBJC_ISA_USAGE = YES_ERROR;
				CLANG_WARN_DOCUMENTATION_COMMENTS = YES;
				CLANG_WARN_EMPTY_BODY = YES;
				CLANG_WARN_ENUM_CONVERSION = YES;
				CLANG_WARN_INFINITE_RECURSION = YES;
				CLANG_WARN_INT_CONVERSION = YES;
				CLANG_WARN_NON_LITERAL_NULL_CONVERSION = YES;
				CLANG_WARN_OBJC_IMPLICIT_RETAIN_SELF = YES;
				CLANG_WARN_OBJC_LITERAL_CONVERSION = YES;
				CLANG_WARN_OBJC_ROOT_CLASS = YES_ERROR;
				CLANG_WARN_QUOTED_INCLUDE_IN_FRAMEWORK_HEADER = YES;
				CLANG_WARN_RANGE_LOOP_ANALYSIS = YES;
				CLANG_WARN_STRICT_PROTOTYPES = YES;
				CLANG_WARN_SUSPICIOUS_MOVE = YES;
				CLANG_WARN_UNGUARDED_AVAILABILITY = YES_AGGRESSIVE;
				CLANG_WARN_UNREACHABLE_CODE = YES;
				CLANG_WARN__DUPLICATE_METHOD_MATCH = YES;
				COPY_PHASE_STRIP = NO;
				DEBUG_INFORMATION_FORMAT = dwarf;
				ENABLE_STRICT_OBJC_MSGSEND = YES;
				ENABLE_TESTABILITY = YES;
				GCC_C_LANGUAGE_STANDARD = gnu11;
				GCC_DYNAMIC_NO_PIC = NO;
				GCC_NO_COMMON_BLOCKS = YES;
				GCC_OPTIMIZATION_LEVEL = 0;
				GCC_PREPROCESSOR_DEFINITIONS = (
					"DEBUG=1",
					"$(inherited)",
				);
				GCC_WARN_64_TO_32_BIT_CONVERSION = YES;
				GCC_WARN_ABOUT_RETURN_TYPE = YES_ERROR;
				GCC_WARN_UNDECLARED_SELECTOR = YES;
				GCC_WARN_UNINITIALIZED_AUTOS = YES_AGGRESSIVE;
				GCC_WARN_UNUSED_FUNCTION = YES;
				GCC_WARN_UNUSED_VARIABLE = YES;
				MACOSX_DEPLOYMENT_TARGET = 12.0;
				MTL_ENABLE_DEBUG_INFO = INCLUDE_SOURCE;
				MTL_FAST_MATH = YES;
				ONLY_ACTIVE_ARCH = YES;
				SDKROOT = macosx;
				SWIFT_ACTIVE_COMPILATION_CONDITIONS = DEBUG;
				SWIFT_OPTIMIZATION_LEVEL = "-Onone";
			};
			name = Debug;
		};
		A2E610E22757304D0061FB22 /* Release */ = {
			isa = XCBuildConfiguration;
			baseConfigurationReference = A20730DA27CDDE3100B26D34 /* Release.xcconfig */;
			buildSettings = {
				ALWAYS_SEARCH_USER_PATHS = NO;
				CLANG_ANALYZER_NONNULL = YES;
				CLANG_ANALYZER_NUMBER_OBJECT_CONVERSION = YES_AGGRESSIVE;
				CLANG_CXX_LANGUAGE_STANDARD = "gnu++17";
				CLANG_CXX_LIBRARY = "libc++";
				CLANG_ENABLE_MODULES = YES;
				CLANG_ENABLE_OBJC_ARC = YES;
				CLANG_ENABLE_OBJC_WEAK = YES;
				CLANG_WARN_BLOCK_CAPTURE_AUTORELEASING = YES;
				CLANG_WARN_BOOL_CONVERSION = YES;
				CLANG_WARN_COMMA = YES;
				CLANG_WARN_CONSTANT_CONVERSION = YES;
				CLANG_WARN_DEPRECATED_OBJC_IMPLEMENTATIONS = YES;
				CLANG_WARN_DIRECT_OBJC_ISA_USAGE = YES_ERROR;
				CLANG_WARN_DOCUMENTATION_COMMENTS = YES;
				CLANG_WARN_EMPTY_BODY = YES;
				CLANG_WARN_ENUM_CONVERSION = YES;
				CLANG_WARN_INFINITE_RECURSION = YES;
				CLANG_WARN_INT_CONVERSION = YES;
				CLANG_WARN_NON_LITERAL_NULL_CONVERSION = YES;
				CLANG_WARN_OBJC_IMPLICIT_RETAIN_SELF = YES;
				CLANG_WARN_OBJC_LITERAL_CONVERSION = YES;
				CLANG_WARN_OBJC_ROOT_CLASS = YES_ERROR;
				CLANG_WARN_QUOTED_INCLUDE_IN_FRAMEWORK_HEADER = YES;
				CLANG_WARN_RANGE_LOOP_ANALYSIS = YES;
				CLANG_WARN_STRICT_PROTOTYPES = YES;
				CLANG_WARN_SUSPICIOUS_MOVE = YES;
				CLANG_WARN_UNGUARDED_AVAILABILITY = YES_AGGRESSIVE;
				CLANG_WARN_UNREACHABLE_CODE = YES;
				CLANG_WARN__DUPLICATE_METHOD_MATCH = YES;
				COPY_PHASE_STRIP = NO;
				DEBUG_INFORMATION_FORMAT = "dwarf-with-dsym";
				ENABLE_NS_ASSERTIONS = NO;
				ENABLE_STRICT_OBJC_MSGSEND = YES;
				GCC_C_LANGUAGE_STANDARD = gnu11;
				GCC_NO_COMMON_BLOCKS = YES;
				GCC_WARN_64_TO_32_BIT_CONVERSION = YES;
				GCC_WARN_ABOUT_RETURN_TYPE = YES_ERROR;
				GCC_WARN_UNDECLARED_SELECTOR = YES;
				GCC_WARN_UNINITIALIZED_AUTOS = YES_AGGRESSIVE;
				GCC_WARN_UNUSED_FUNCTION = YES;
				GCC_WARN_UNUSED_VARIABLE = YES;
				MACOSX_DEPLOYMENT_TARGET = 12.0;
				MTL_ENABLE_DEBUG_INFO = NO;
				MTL_FAST_MATH = YES;
				SDKROOT = macosx;
				SWIFT_COMPILATION_MODE = wholemodule;
				SWIFT_OPTIMIZATION_LEVEL = "-O";
			};
			name = Release;
		};
		A2E610E42757304D0061FB22 /* Debug */ = {
			isa = XCBuildConfiguration;
			baseConfigurationReference = A20730D927CDDD9900B26D34 /* Debug.xcconfig */;
			buildSettings = {
				ASSETCATALOG_COMPILER_APPICON_NAME = AppIcon;
				ASSETCATALOG_COMPILER_GLOBAL_ACCENT_COLOR_NAME = AccentColor;
				CODE_SIGN_ENTITLEMENTS = MacMaps/MacMaps.entitlements;
				CODE_SIGN_IDENTITY = "-";
				CODE_SIGN_STYLE = Automatic;
				COMBINE_HIDPI_IMAGES = YES;
				CURRENT_PROJECT_VERSION = 1;
				DEVELOPMENT_ASSET_PATHS = "\"MacMaps/Preview Content\"";
				DEVELOPMENT_TEAM = 98VS3NV9WE;
				ENABLE_HARDENED_RUNTIME = YES;
				ENABLE_PREVIEWS = YES;
				GENERATE_INFOPLIST_FILE = YES;
				INFOPLIST_KEY_NSHumanReadableCopyright = "";
				INFOPLIST_KEY_NSLocationWhenInUseUsageDescription = "MacMaps uses this to show your location on the map.";
				LD_RUNPATH_SEARCH_PATHS = (
					"$(inherited)",
					"@executable_path/../Frameworks",
				);
				MARKETING_VERSION = 1.0;
				PRODUCT_BUNDLE_IDENTIFIER = io.leege.MacMaps;
				PRODUCT_NAME = "$(TARGET_NAME)";
				SWIFT_EMIT_LOC_STRINGS = YES;
				SWIFT_VERSION = 5.0;
			};
			name = Debug;
		};
		A2E610E52757304D0061FB22 /* Release */ = {
			isa = XCBuildConfiguration;
			baseConfigurationReference = A20730DA27CDDE3100B26D34 /* Release.xcconfig */;
			buildSettings = {
				ASSETCATALOG_COMPILER_APPICON_NAME = AppIcon;
				ASSETCATALOG_COMPILER_GLOBAL_ACCENT_COLOR_NAME = AccentColor;
				CODE_SIGN_ENTITLEMENTS = MacMaps/MacMaps.entitlements;
				CODE_SIGN_IDENTITY = "-";
				CODE_SIGN_STYLE = Automatic;
				COMBINE_HIDPI_IMAGES = YES;
				CURRENT_PROJECT_VERSION = 1;
				DEVELOPMENT_ASSET_PATHS = "\"MacMaps/Preview Content\"";
				DEVELOPMENT_TEAM = 98VS3NV9WE;
				ENABLE_HARDENED_RUNTIME = YES;
				ENABLE_PREVIEWS = YES;
				GENERATE_INFOPLIST_FILE = YES;
				INFOPLIST_KEY_NSHumanReadableCopyright = "";
				INFOPLIST_KEY_NSLocationWhenInUseUsageDescription = "MacMaps uses this to show your location on the map.";
				LD_RUNPATH_SEARCH_PATHS = (
					"$(inherited)",
					"@executable_path/../Frameworks",
				);
				MARKETING_VERSION = 1.0;
				PRODUCT_BUNDLE_IDENTIFIER = io.leege.MacMaps;
				PRODUCT_NAME = "$(TARGET_NAME)";
				SWIFT_EMIT_LOC_STRINGS = YES;
				SWIFT_VERSION = 5.0;
			};
			name = Release;
		};
/* End XCBuildConfiguration section */

/* Begin XCConfigurationList section */
		A2E610CF2757304B0061FB22 /* Build configuration list for PBXProject "MacMaps" */ = {
			isa = XCConfigurationList;
			buildConfigurations = (
				A2E610E12757304D0061FB22 /* Debug */,
				A2E610E22757304D0061FB22 /* Release */,
			);
			defaultConfigurationIsVisible = 0;
			defaultConfigurationName = Release;
		};
		A2E610E32757304D0061FB22 /* Build configuration list for PBXNativeTarget "MacMaps" */ = {
			isa = XCConfigurationList;
			buildConfigurations = (
				A2E610E42757304D0061FB22 /* Debug */,
				A2E610E52757304D0061FB22 /* Release */,
			);
			defaultConfigurationIsVisible = 0;
			defaultConfigurationName = Release;
		};
/* End XCConfigurationList section */

/* Begin XCRemoteSwiftPackageReference section */
		A230673C27A10D3B009D5732 /* XCRemoteSwiftPackageReference "GeoJSON" */ = {
			isa = XCRemoteSwiftPackageReference;
			repositoryURL = "https://github.com/kiliankoe/GeoJSON.git";
			requirement = {
				kind = exactVersion;
				version = 0.6.1;
			};
		};
/* End XCRemoteSwiftPackageReference section */

/* Begin XCSwiftPackageProductDependency section */
		A230673D27A10D3B009D5732 /* GeoJSON */ = {
			isa = XCSwiftPackageProductDependency;
			package = A230673C27A10D3B009D5732 /* XCRemoteSwiftPackageReference "GeoJSON" */;
			productName = GeoJSON;
		};
/* End XCSwiftPackageProductDependency section */
	};
	rootObject = A2E610CC2757304B0061FB22 /* Project object */;
}
